{
  "lockfile_version": "1",
  "packages": {
    "act@latest": {
      "last_modified": "2026-01-23T17:20:52Z",
      "resolved": "github:NixOS/nixpkgs/a1bab9e494f5f4939442a57a58d0449a109593fe#act",
      "source": "devbox-search",
      "version": "0.2.84",
      "systems": {
        "aarch64-darwin": {
          "outputs": [
            {
              "name": "out",
              "path": "/nix/store/60fx8ffpxxfl7chps435jz0yy40bgz7z-act-0.2.84",
              "default": true
            }
          ],
          "store_path": "/nix/store/60fx8ffpxxfl7chps435jz0yy40bgz7z-act-0.2.84"
        },
        "aarch64-linux": {
          "outputs": [
            {
              "name": "out",
              "path": "/nix/store/jrbdrlv46d8jglg30v078ncxmmc7rfrj-act-0.2.84",
              "default": true
            }
          ],
          "store_path": "/nix/store/jrbdrlv46d8jglg30v078ncxmmc7rfrj-act-0.2.84"
        },
        "x86_64-darwin": {
          "outputs": [
            {
              "name": "out",
              "path": "/nix/store/j49qnbhrsi7qhw4jn9852f818nxmmj9r-act-0.2.84",
              "default": true
            }
          ],
          "store_path": "/nix/store/j49qnbhrsi7qhw4jn9852f818nxmmj9r-act-0.2.84"
        },
        "x86_64-linux": {
          "outputs": [
            {
              "name": "out",
              "path": "/nix/store/29dp2s13wyawgm1m5kvsl8n4mh107h8r-act-0.2.84",
              "default": true
            }
          ],
          "store_path": "/nix/store/29dp2s13wyawgm1m5kvsl8n4mh107h8r-act-0.2.84"
        }
      }
    },
    "civo@latest": {
      "last_modified": "2026-01-23T17:20:52Z",
      "resolved": "github:NixOS/nixpkgs/a1bab9e494f5f4939442a57a58d0449a109593fe#civo",
      "source": "devbox-search",
      "version": "1.4.7",
      "systems": {
        "aarch64-darwin": {
          "outputs": [
            {
              "name": "out",
              "path": "/nix/store/48hy4353sg9b57rckzp5ccm443xvn2my-civo-1.4.7",
              "default": true
            }
          ],
          "store_path": "/nix/store/48hy4353sg9b57rckzp5ccm443xvn2my-civo-1.4.7"
        },
        "aarch64-linux": {
          "outputs": [
            {
              "name": "out",
              "path": "/nix/store/m78l76d8kxyr2a94m9p8gylnfrsp9f9l-civo-1.4.7",
              "default": true
            }
          ],
          "store_path": "/nix/store/m78l76d8kxyr2a94m9p8gylnfrsp9f9l-civo-1.4.7"
        },
        "x86_64-darwin": {
          "outputs": [
            {
              "name": "out",
              "path": "/nix/store/d3yxg5n8pfqwdgcqrvhm3r7qcq9hbcc2-civo-1.4.7",
              "default": true
            }
          ],
          "store_path": "/nix/store/d3yxg5n8pfqwdgcqrvhm3r7qcq9hbcc2-civo-1.4.7"
        },
        "x86_64-linux": {
          "outputs": [
            {
              "name": "out",
              "path": "/nix/store/r1rcm7knd53hsgnv0zym2fnvpr4dwflw-civo-1.4.7",
              "default": true
            }
          ],
          "store_path": "/nix/store/r1rcm7knd53hsgnv0zym2fnvpr4dwflw-civo-1.4.7"
        }
      }
    },
    "gh@latest": {
      "last_modified": "2026-01-23T17:20:52Z",
      "resolved": "github:NixOS/nixpkgs/a1bab9e494f5f4939442a57a58d0449a109593fe#gh",
      "source": "devbox-search",
      "version": "2.86.0",
      "systems": {
        "aarch64-darwin": {
          "outputs": [
            {
              "name": "out",
              "path": "/nix/store/y207r5sjcd81gfnsxxssgiiiwl6mcg6f-gh-2.86.0",
              "default": true
            }
          ],
          "store_path": "/nix/store/y207r5sjcd81gfnsxxssgiiiwl6mcg6f-gh-2.86.0"
        },
        "aarch64-linux": {
          "outputs": [
            {
              "name": "out",
              "path": "/nix/store/zx4plaf0z1yv06wdhxxhpbm7kmslm2r8-gh-2.86.0",
              "default": true
            }
          ],
          "store_path": "/nix/store/zx4plaf0z1yv06wdhxxhpbm7kmslm2r8-gh-2.86.0"
        },
        "x86_64-darwin": {
          "outputs": [
            {
              "name": "out",
              "path": "/nix/store/vhpac8ld4xkaa13bsrbwnyrmlcxsg57q-gh-2.86.0",
              "default": true
            }
          ],
          "store_path": "/nix/store/vhpac8ld4xkaa13bsrbwnyrmlcxsg57q-gh-2.86.0"
        },
        "x86_64-linux": {
          "outputs": [
            {
              "name": "out",
              "path": "/nix/store/xf3rb2kmk19092b1pf50ag0fsj2f6hpa-gh-2.86.0",
              "default": true
            }
          ],
          "store_path": "/nix/store/xf3rb2kmk19092b1pf50ag0fsj2f6hpa-gh-2.86.0"
        }
      }
    },
    "github:NixOS/nixpkgs/nixpkgs-unstable": {
      "last_modified": "2026-01-30T02:32:49Z",
      "resolved": "github:NixOS/nixpkgs/6308c3b21396534d8aaeac46179c14c439a89b8a?lastModified=1769740369"
    },
    "gnused@latest": {
      "last_modified": "2026-01-23T17:20:52Z",
      "resolved": "github:NixOS/nixpkgs/a1bab9e494f5f4939442a57a58d0449a109593fe#gnused",
      "source": "devbox-search",
      "version": "4.9",
      "systems": {
        "aarch64-darwin": {
          "outputs": [
            {
              "name": "out",
              "path": "/nix/store/bdhywjmavg1hw3515cxsh8vxx8p42ixw-gnused-4.9",
              "default": true
            },
            {
              "name": "info",
              "path": "/nix/store/2q7ry9sap952dh21xda36g2gx44m9jvl-gnused-4.9-info"
            }
          ],
          "store_path": "/nix/store/bdhywjmavg1hw3515cxsh8vxx8p42ixw-gnused-4.9"
        },
        "aarch64-linux": {
          "outputs": [
            {
              "name": "out",
              "path": "/nix/store/wl7cvwbv3p0ag201jry906ydpij3a9ij-gnused-4.9",
              "default": true
            },
            {
              "name": "info",
              "path": "/nix/store/srvxijm4zzcqp6krhxk8qhfcr52mh39a-gnused-4.9-info"
            }
          ],
          "store_path": "/nix/store/wl7cvwbv3p0ag201jry906ydpij3a9ij-gnused-4.9"
        },
        "x86_64-darwin": {
          "outputs": [
            {
              "name": "out",
              "path": "/nix/store/b882ldrvxjjkc130pqy53948y09hci8m-gnused-4.9",
              "default": true
            },
            {
              "name": "info",
              "path": "/nix/store/12wwcnqr14xnbjs9mf6l5igpqc167y61-gnused-4.9-info"
            }
          ],
          "store_path": "/nix/store/b882ldrvxjjkc130pqy53948y09hci8m-gnused-4.9"
        },
        "x86_64-linux": {
          "outputs": [
            {
              "name": "out",
              "path": "/nix/store/ryz8kcrm2bxpccllfqlb7qldsfnqp5c2-gnused-4.9",
              "default": true
            },
            {
              "name": "info",
              "path": "/nix/store/rr44gnjkn0j0h67blxaf7c69w6y5xv03-gnused-4.9-info"
            }
          ],
          "store_path": "/nix/store/ryz8kcrm2bxpccllfqlb7qldsfnqp5c2-gnused-4.9"
        }
      }
    },
    "go-task@latest": {
      "last_modified": "2026-01-23T17:20:52Z",
      "resolved": "github:NixOS/nixpkgs/a1bab9e494f5f4939442a57a58d0449a109593fe#go-task",
      "source": "devbox-search",
      "version": "3.45.5",
      "systems": {
        "aarch64-darwin": {
          "outputs": [
            {
              "name": "out",
              "path": "/nix/store/siijbf12pnf32gx7mjixfbv9388h2wrl-go-task-3.45.5",
              "default": true
            }
          ],
          "store_path": "/nix/store/siijbf12pnf32gx7mjixfbv9388h2wrl-go-task-3.45.5"
        },
        "aarch64-linux": {
          "outputs": [
            {
              "name": "out",
              "path": "/nix/store/bz644gcz6r6z0ih6r7njxj9disqzf1z6-go-task-3.45.5",
              "default": true
            }
          ],
          "store_path": "/nix/store/bz644gcz6r6z0ih6r7njxj9disqzf1z6-go-task-3.45.5"
        },
        "x86_64-darwin": {
          "outputs": [
            {
              "name": "out",
              "path": "/nix/store/qb65b2d47v84cj48ldppv2mwnqkla52z-go-task-3.45.5",
              "default": true
            }
          ],
          "store_path": "/nix/store/qb65b2d47v84cj48ldppv2mwnqkla52z-go-task-3.45.5"
        },
        "x86_64-linux": {
          "outputs": [
            {
              "name": "out",
              "path": "/nix/store/hwhz6lp5y525yf4jr92q83n2y4swapby-go-task-3.45.5",
              "default": true
            }
          ],
          "store_path": "/nix/store/hwhz6lp5y525yf4jr92q83n2y4swapby-go-task-3.45.5"
        }
      }
    },
    "go@1.21": {
      "last_modified": "2024-09-10T15:01:03Z",
      "resolved": "github:NixOS/nixpkgs/5ed627539ac84809c78b2dd6d26a5cebeb5ae269#go_1_21",
      "source": "devbox-search",
      "version": "1.21.13",
      "systems": {
        "aarch64-darwin": {
          "outputs": [
            {
              "name": "out",
              "path": "/nix/store/59bymri4pr8mq5zh678smrf381i3fmy2-go-1.21.13",
              "default": true
            }
          ],
          "store_path": "/nix/store/59bymri4pr8mq5zh678smrf381i3fmy2-go-1.21.13"
        },
        "aarch64-linux": {
          "outputs": [
            {
              "name": "out",
              "path": "/nix/store/7dqbqicx8szqnyzag6l41gwbjmh1xdk0-go-1.21.13",
              "default": true
            }
          ],
          "store_path": "/nix/store/7dqbqicx8szqnyzag6l41gwbjmh1xdk0-go-1.21.13"
        },
        "x86_64-darwin": {
          "outputs": [
            {
              "name": "out",
              "path": "/nix/store/ws9bs446vgwmxchqnpjp9503x420iz75-go-1.21.13",
              "default": true
            }
          ],
          "store_path": "/nix/store/ws9bs446vgwmxchqnpjp9503x420iz75-go-1.21.13"
        },
        "x86_64-linux": {
          "outputs": [
            {
              "name": "out",
              "path": "/nix/store/yij3vkkjv7ghn055v0rqhbjzyh0dy4nq-go-1.21.13",
              "default": true
            }
          ],
          "store_path": "/nix/store/yij3vkkjv7ghn055v0rqhbjzyh0dy4nq-go-1.21.13"
        }
      }
    },
    "gum@latest": {
      "last_modified": "2026-01-23T17:20:52Z",
      "resolved": "github:NixOS/nixpkgs/a1bab9e494f5f4939442a57a58d0449a109593fe#gum",
      "source": "devbox-search",
      "version": "0.17.0",
      "systems": {
        "aarch64-darwin": {
          "outputs": [
            {
              "name": "out",
              "path": "/nix/store/pjh70r1gc4ylrc925kp6k74223n2r0hb-gum-0.17.0",
              "default": true
            }
          ],
          "store_path": "/nix/store/pjh70r1gc4ylrc925kp6k74223n2r0hb-gum-0.17.0"
        },
        "aarch64-linux": {
          "outputs": [
            {
              "name": "out",
              "path": "/nix/store/7c6164p77vlzpbj5npz4nrn0gvylks50-gum-0.17.0",
              "default": true
            }
          ],
          "store_path": "/nix/store/7c6164p77vlzpbj5npz4nrn0gvylks50-gum-0.17.0"
        },
        "x86_64-darwin": {
          "outputs": [
            {
              "name": "out",
              "path": "/nix/store/xff8di1nlgqx2k7q5z6ma7jc02k5ravf-gum-0.17.0",
              "default": true
            }
          ],
          "store_path": "/nix/store/xff8di1nlgqx2k7q5z6ma7jc02k5ravf-gum-0.17.0"
        },
        "x86_64-linux": {
          "outputs": [
            {
              "name": "out",
              "path": "/nix/store/99an674pwfn3fnhl050kkng9v8a3l1qb-gum-0.17.0",
              "default": true
            }
          ],
          "store_path": "/nix/store/99an674pwfn3fnhl050kkng9v8a3l1qb-gum-0.17.0"
        }
      }
    },
    "jq@latest": {
      "last_modified": "2026-01-26T13:12:53Z",
      "resolved": "github:NixOS/nixpkgs/13b0f9e6ac78abbbb736c635d87845c4f4bee51b#jq",
      "source": "devbox-search",
      "version": "1.8.1",
      "systems": {
        "aarch64-darwin": {
          "outputs": [
            {
              "name": "bin",
              "path": "/nix/store/qjs0qndyz1g97rsc1zp4cd692y5iph64-jq-1.8.1-bin",
              "default": true
            },
            {
              "name": "man",
              "path": "/nix/store/jlpyybc7pdh4gk17dc266d6a1szm7dk6-jq-1.8.1-man",
              "default": true
            },
            {
              "name": "dev",
              "path": "/nix/store/bhryp10d5w5h9rsav5k9m9jb55z26bsl-jq-1.8.1-dev"
            },
            {
              "name": "doc",
              "path": "/nix/store/238sn0gg3i3i9v6kgx4g1k6b19frzy49-jq-1.8.1-doc"
            },
            {
              "name": "out",
              "path": "/nix/store/n64h0247s3674kry90l6kszx06zyrgfn-jq-1.8.1"
            }
          ],
          "store_path": "/nix/store/qjs0qndyz1g97rsc1zp4cd692y5iph64-jq-1.8.1-bin"
        },
        "aarch64-linux": {
          "outputs": [
            {
              "name": "bin",
              "path": "/nix/store/c1qm5fsn6qbl09xdjx649vifabypyywd-jq-1.8.1-bin",
              "default": true
            },
            {
              "name": "man",
              "path": "/nix/store/2pjwv0ab8nilrg1lvjazf9y9w6g6pk5y-jq-1.8.1-man",
              "default": true
            },
            {
              "name": "dev",
              "path": "/nix/store/2sy4y09ddbi64pbg4is078110z70jsdw-jq-1.8.1-dev"
            },
            {
              "name": "doc",
              "path": "/nix/store/vx81xggapqwdd2l64mmxrkbafih461jc-jq-1.8.1-doc"
            },
            {
              "name": "out",
              "path": "/nix/store/cfhajjz1k7gf31krbj18q9acb54xp5z9-jq-1.8.1"
            }
          ],
          "store_path": "/nix/store/c1qm5fsn6qbl09xdjx649vifabypyywd-jq-1.8.1-bin"
        },
        "x86_64-darwin": {
          "outputs": [
            {
              "name": "bin",
              "path": "/nix/store/51343hgchh7by4l8r1g244ma05ny3x0b-jq-1.8.1-bin",
              "default": true
            },
            {
              "name": "man",
              "path": "/nix/store/vx840ik1sj1h8fhqwa40aglvrgpa0r18-jq-1.8.1-man",
              "default": true
            },
            {
              "name": "out",
              "path": "/nix/store/bmg2xfw86wavg7fm062nyf6v48xzxh0j-jq-1.8.1"
            },
            {
              "name": "dev",
              "path": "/nix/store/pp2hrljvalrrwyxh7is69nnlmxb2m7lk-jq-1.8.1-dev"
            },
            {
              "name": "doc",
              "path": "/nix/store/h05xaf7fsasgp8cpyar2195cc8lbgih8-jq-1.8.1-doc"
            }
          ],
          "store_path": "/nix/store/51343hgchh7by4l8r1g244ma05ny3x0b-jq-1.8.1-bin"
        },
        "x86_64-linux": {
          "outputs": [
            {
              "name": "bin",
              "path": "/nix/store/qnaw7i777j52fpgbl5pgmzkq85znp083-jq-1.8.1-bin",
              "default": true
            },
            {
              "name": "man",
              "path": "/nix/store/6mh88qsh57ivh31c5nqxc43n0hv9xhbk-jq-1.8.1-man",
              "default": true
            },
            {
              "name": "dev",
              "path": "/nix/store/d73i1fvhrqms0sbfrvqaynsr8iva216v-jq-1.8.1-dev"
            },
            {
              "name": "doc",
              "path": "/nix/store/3ynrp4ypwv1g1jgsk638443p8lpd9g8f-jq-1.8.1-doc"
            },
            {
              "name": "out",
              "path": "/nix/store/fgsvqffyvcpjqs093wwf2d6dzxnmnqnv-jq-1.8.1"
            }
          ],
          "store_path": "/nix/store/qnaw7i777j52fpgbl5pgmzkq85znp083-jq-1.8.1-bin"
        }
      }
    },
    "kluctl@latest": {
      "last_modified": "2026-01-23T17:20:52Z",
      "resolved": "github:NixOS/nixpkgs/a1bab9e494f5f4939442a57a58d0449a109593fe#kluctl",
      "source": "devbox-search",
      "version": "2.27.0",
      "systems": {
        "aarch64-darwin": {
          "outputs": [
            {
              "name": "out",
              "path": "/nix/store/xybxjxrhcjkcnk58sfi21pj3h7vbqzd3-kluctl-2.27.0",
              "default": true
            }
          ],
          "store_path": "/nix/store/xybxjxrhcjkcnk58sfi21pj3h7vbqzd3-kluctl-2.27.0"
        },
        "aarch64-linux": {
          "outputs": [
            {
              "name": "out",
              "path": "/nix/store/0afhwj50d5m6kzq1ipq9jv6wwlaxd0ll-kluctl-2.27.0",
              "default": true
            }
          ],
          "store_path": "/nix/store/0afhwj50d5m6kzq1ipq9jv6wwlaxd0ll-kluctl-2.27.0"
        },
        "x86_64-darwin": {
          "outputs": [
            {
              "name": "out",
              "path": "/nix/store/wdg8ciccql73mq6my0pd2ma5gbw3zqab-kluctl-2.27.0",
              "default": true
            }
          ],
          "store_path": "/nix/store/wdg8ciccql73mq6my0pd2ma5gbw3zqab-kluctl-2.27.0"
        },
        "x86_64-linux": {
          "outputs": [
            {
              "name": "out",
              "path": "/nix/store/qj768wl91mcddcf396dd95ql4n5l4b2h-kluctl-2.27.0",
              "default": true
            }
          ],
          "store_path": "/nix/store/qj768wl91mcddcf396dd95ql4n5l4b2h-kluctl-2.27.0"
        }
      }
    },
    "ko@latest": {
      "last_modified": "2026-01-23T17:20:52Z",
      "resolved": "github:NixOS/nixpkgs/a1bab9e494f5f4939442a57a58d0449a109593fe#ko",
      "source": "devbox-search",
      "version": "0.18.1",
      "systems": {
        "aarch64-darwin": {
          "outputs": [
            {
              "name": "out",
              "path": "/nix/store/y43bg2bpz528glxw02m3wnckaxsqbc7y-ko-0.18.1",
              "default": true
            }
          ],
          "store_path": "/nix/store/y43bg2bpz528glxw02m3wnckaxsqbc7y-ko-0.18.1"
        },
        "aarch64-linux": {
          "outputs": [
            {
              "name": "out",
              "path": "/nix/store/ml0bprzvi79lc0sp6xr6n7aamg3hvywx-ko-0.18.1",
              "default": true
            }
          ],
          "store_path": "/nix/store/ml0bprzvi79lc0sp6xr6n7aamg3hvywx-ko-0.18.1"
        },
        "x86_64-darwin": {
          "outputs": [
            {
              "name": "out",
              "path": "/nix/store/a50idapb8ra2x8s3h86cf2nbq62pjr9n-ko-0.18.1",
              "default": true
            }
          ],
          "store_path": "/nix/store/a50idapb8ra2x8s3h86cf2nbq62pjr9n-ko-0.18.1"
        },
        "x86_64-linux": {
          "outputs": [
            {
              "name": "out",
              "path": "/nix/store/jgswc6vh0gn8k5jx6hi5i3b0zlqwwh56-ko-0.18.1",
              "default": true
            }
          ],
          "store_path": "/nix/store/jgswc6vh0gn8k5jx6hi5i3b0zlqwwh56-ko-0.18.1"
        }
      }
    },
    "kubectl@latest": {
      "last_modified": "2026-01-23T17:20:52Z",
      "resolved": "github:NixOS/nixpkgs/a1bab9e494f5f4939442a57a58d0449a109593fe#kubectl",
      "source": "devbox-search",
      "version": "1.35.0",
      "systems": {
        "aarch64-darwin": {
          "outputs": [
            {
              "name": "out",
              "path": "/nix/store/zh9jp24f14avckd99vs54g82ws1i2qpk-kubectl-1.35.0",
              "default": true
            },
            {
              "name": "man",
              "path": "/nix/store/lzn4s3mnjmyhbfckaizm6vg5rnpshyl2-kubectl-1.35.0-man",
              "default": true
            },
            {
              "name": "convert",
              "path": "/nix/store/rb8ivxqdljfpqfrf7br9pwvgk3m7aj4k-kubectl-1.35.0-convert"
            }
          ],
          "store_path": "/nix/store/zh9jp24f14avckd99vs54g82ws1i2qpk-kubectl-1.35.0"
        },
        "aarch64-linux": {
          "outputs": [
            {
              "name": "out",
              "path": "/nix/store/h2wbgv9grql0bhrpqdab77mw1pd1zr7x-kubectl-1.35.0",
              "default": true
            },
            {
              "name": "man",
              "path": "/nix/store/b9av4ayjma48ch5wy7k85grkiigls84a-kubectl-1.35.0-man",
              "default": true
            },
            {
              "name": "convert",
              "path": "/nix/store/lbrbsz8zmyzkabn3rr5nxwn4ji0q5wl9-kubectl-1.35.0-convert"
            }
          ],
          "store_path": "/nix/store/h2wbgv9grql0bhrpqdab77mw1pd1zr7x-kubectl-1.35.0"
        },
        "x86_64-darwin": {
          "outputs": [
            {
              "name": "out",
              "path": "/nix/store/ifqhf8f32873w5ad22z5cy56y9nlfhg6-kubectl-1.35.0",
              "default": true
            },
            {
              "name": "man",
              "path": "/nix/store/q3lyh5bdcsvh827fjnnwsnjd16nf52yv-kubectl-1.35.0-man",
              "default": true
            },
            {
              "name": "convert",
              "path": "/nix/store/ycw7xcc21v9ivxqbzhgwhiyn6p0nh6am-kubectl-1.35.0-convert"
            }
          ],
          "store_path": "/nix/store/ifqhf8f32873w5ad22z5cy56y9nlfhg6-kubectl-1.35.0"
        },
        "x86_64-linux": {
          "outputs": [
            {
              "name": "out",
              "path": "/nix/store/h9v5iqki1r1h3ngfzn2y2w935rrps3vg-kubectl-1.35.0",
              "default": true
            },
            {
              "name": "man",
              "path": "/nix/store/9dna59210pqjpb2sphv2ibasn8g9k65q-kubectl-1.35.0-man",
              "default": true
            },
            {
              "name": "convert",
              "path": "/nix/store/v3szgaqs6wb69b1vnjx8q7zf03zy0hph-kubectl-1.35.0-convert"
            }
          ],
          "store_path": "/nix/store/h9v5iqki1r1h3ngfzn2y2w935rrps3vg-kubectl-1.35.0"
        }
      }
    },
    "kubectx@latest": {
      "last_modified": "2026-01-23T17:20:52Z",
      "resolved": "github:NixOS/nixpkgs/a1bab9e494f5f4939442a57a58d0449a109593fe#kubectx",
      "source": "devbox-search",
      "version": "0.9.5",
      "systems": {
        "aarch64-darwin": {
          "outputs": [
            {
              "name": "out",
              "path": "/nix/store/g52clcdbqkxgj25v9c7zr1nqskb3n7y4-kubectx-0.9.5",
              "default": true
            }
          ],
          "store_path": "/nix/store/g52clcdbqkxgj25v9c7zr1nqskb3n7y4-kubectx-0.9.5"
        },
        "aarch64-linux": {
          "outputs": [
            {
              "name": "out",
              "path": "/nix/store/72w8x5c2grxvpyw9py4md1qjc5wdn51z-kubectx-0.9.5",
              "default": true
            }
          ],
          "store_path": "/nix/store/72w8x5c2grxvpyw9py4md1qjc5wdn51z-kubectx-0.9.5"
        },
        "x86_64-darwin": {
          "outputs": [
            {
              "name": "out",
              "path": "/nix/store/5anfy231ami3988ihcalk4fq81i2ih9x-kubectx-0.9.5",
              "default": true
            }
          ],
          "store_path": "/nix/store/5anfy231ami3988ihcalk4fq81i2ih9x-kubectx-0.9.5"
        },
        "x86_64-linux": {
          "outputs": [
            {
              "name": "out",
              "path": "/nix/store/cr2vyrdi6zsqf2v88j5p8vk28p29w5g6-kubectx-0.9.5",
              "default": true
            }
          ],
          "store_path": "/nix/store/cr2vyrdi6zsqf2v88j5p8vk28p29w5g6-kubectx-0.9.5"
        }
      }
    },
    "kubernetes-helm@latest": {
      "last_modified": "2026-01-23T17:20:52Z",
      "resolved": "github:NixOS/nixpkgs/a1bab9e494f5f4939442a57a58d0449a109593fe#kubernetes-helm",
      "source": "devbox-search",
      "version": "3.19.1",
      "systems": {
        "aarch64-darwin": {
          "outputs": [
            {
              "name": "out",
              "path": "/nix/store/gw5jvq4r17iqh751g7v71svxb3ncq7si-kubernetes-helm-3.19.1",
              "default": true
            }
          ],
          "store_path": "/nix/store/gw5jvq4r17iqh751g7v71svxb3ncq7si-kubernetes-helm-3.19.1"
        },
        "aarch64-linux": {
          "outputs": [
            {
              "name": "out",
              "path": "/nix/store/j1fh4wfj0b1dk87q0irz73k8gcqhr2ak-kubernetes-helm-3.19.1",
              "default": true
            }
          ],
          "store_path": "/nix/store/j1fh4wfj0b1dk87q0irz73k8gcqhr2ak-kubernetes-helm-3.19.1"
        },
        "x86_64-darwin": {
          "outputs": [
            {
              "name": "out",
              "path": "/nix/store/9g0nwl9nrf2rjs4kgz6yclr335jdq1r5-kubernetes-helm-3.19.1",
              "default": true
            }
          ],
          "store_path": "/nix/store/9g0nwl9nrf2rjs4kgz6yclr335jdq1r5-kubernetes-helm-3.19.1"
        },
        "x86_64-linux": {
          "outputs": [
            {
              "name": "out",
              "path": "/nix/store/n4np4p37d3k0nw0h4v9vvyrk8hj0qly0-kubernetes-helm-3.19.1",
              "default": true
            }
          ],
          "store_path": "/nix/store/n4np4p37d3k0nw0h4v9vvyrk8hj0qly0-kubernetes-helm-3.19.1"
        }
      }
    },
    "kustomize@latest": {
      "last_modified": "2026-01-23T17:20:52Z",
      "resolved": "github:NixOS/nixpkgs/a1bab9e494f5f4939442a57a58d0449a109593fe#kustomize",
      "source": "devbox-search",
      "version": "5.8.0",
      "systems": {
        "aarch64-darwin": {
          "outputs": [
            {
              "name": "out",
              "path": "/nix/store/1jsi4vib5i93211xjmidag2v4ms6ad01-kustomize-5.8.0",
              "default": true
            }
          ],
          "store_path": "/nix/store/1jsi4vib5i93211xjmidag2v4ms6ad01-kustomize-5.8.0"
        },
        "aarch64-linux": {
          "outputs": [
            {
              "name": "out",
              "path": "/nix/store/0x4jksb2wfci0qb1415afvffx3cclr5a-kustomize-5.8.0",
              "default": true
            }
          ],
          "store_path": "/nix/store/0x4jksb2wfci0qb1415afvffx3cclr5a-kustomize-5.8.0"
        },
        "x86_64-darwin": {
          "outputs": [
            {
              "name": "out",
              "path": "/nix/store/if4b679gapwpn9fiz4hqakdb7m6n7gbl-kustomize-5.8.0",
              "default": true
            }
          ],
          "store_path": "/nix/store/if4b679gapwpn9fiz4hqakdb7m6n7gbl-kustomize-5.8.0"
        },
        "x86_64-linux": {
          "outputs": [
            {
              "name": "out",
              "path": "/nix/store/hfcikvrjjd72cs0p8sv11b4kblfjpwif-kustomize-5.8.0",
              "default": true
            }
          ],
          "store_path": "/nix/store/hfcikvrjjd72cs0p8sv11b4kblfjpwif-kustomize-5.8.0"
        }
      }
    },
    "namespace-cli@latest": {
      "last_modified": "2026-01-23T17:20:52Z",
      "resolved": "github:NixOS/nixpkgs/a1bab9e494f5f4939442a57a58d0449a109593fe#namespace-cli",
      "source": "devbox-search",
      "version": "0.0.474",
      "systems": {
        "aarch64-darwin": {
          "outputs": [
            {
              "name": "out",
              "path": "/nix/store/bn49d8mc5phz059pkgnxdk145ycba7jf-namespace-cli-0.0.474",
              "default": true
            }
          ],
          "store_path": "/nix/store/bn49d8mc5phz059pkgnxdk145ycba7jf-namespace-cli-0.0.474"
        },
        "aarch64-linux": {
          "outputs": [
            {
              "name": "out",
              "path": "/nix/store/fdjhrgi9jxm2pc3qvwhjbfi22943zhca-namespace-cli-0.0.474",
              "default": true
            }
          ],
          "store_path": "/nix/store/fdjhrgi9jxm2pc3qvwhjbfi22943zhca-namespace-cli-0.0.474"
        },
        "x86_64-darwin": {
          "outputs": [
            {
              "name": "out",
              "path": "/nix/store/d87s5gxa42xjlvscglqy55panv32damv-namespace-cli-0.0.474",
              "default": true
            }
          ],
          "store_path": "/nix/store/d87s5gxa42xjlvscglqy55panv32damv-namespace-cli-0.0.474"
        },
        "x86_64-linux": {
          "outputs": [
            {
              "name": "out",
              "path": "/nix/store/848r6q6rvxpid6s92mfng1831wpvyymd-namespace-cli-0.0.474",
              "default": true
            }
          ],
          "store_path": "/nix/store/848r6q6rvxpid6s92mfng1831wpvyymd-namespace-cli-0.0.474"
        }
      }
    },
    "nodejs_24@latest": {
      "last_modified": "2025-12-27T12:56:01Z",
      "plugin_version": "0.0.2",
      "resolved": "github:NixOS/nixpkgs/3edc4a30ed3903fdf6f90c837f961fa6b49582d1#nodejs_24",
      "source": "devbox-search",
      "version": "24.12.0",
      "systems": {
        "aarch64-darwin": {
          "outputs": [
            {
              "name": "out",
              "path": "/nix/store/b1h0af3yb3z9jz048phclcqw6ihiww67-nodejs-24.12.0",
              "default": true
            },
            {
              "name": "dev",
              "path": "/nix/store/ksn4nj0nbp0ikmh4scy9x4biqqdswwhy-nodejs-24.12.0-dev"
            },
            {
              "name": "libv8",
              "path": "/nix/store/3x72bm7l30ib7l7cximrp0sklcq8jqwy-nodejs-24.12.0-libv8"
            }
          ],
          "store_path": "/nix/store/b1h0af3yb3z9jz048phclcqw6ihiww67-nodejs-24.12.0"
        },
        "aarch64-linux": {
          "outputs": [
            {
              "name": "out",
              "path": "/nix/store/9jfsyhcr9c6rpm94lrkibv75jkggvwss-nodejs-24.12.0",
              "default": true
            },
            {
              "name": "dev",
              "path": "/nix/store/7izhv9x1yvsmyrhmmyps6bxjjclajm80-nodejs-24.12.0-dev"
            },
            {
              "name": "libv8",
              "path": "/nix/store/8hl74pnc1qyz68rg10ixw7fz32hcxqkk-nodejs-24.12.0-libv8"
            }
          ],
          "store_path": "/nix/store/9jfsyhcr9c6rpm94lrkibv75jkggvwss-nodejs-24.12.0"
        },
        "x86_64-darwin": {
          "outputs": [
            {
              "name": "out",
              "path": "/nix/store/cj1243xswxvnwgifyiyg8axhn0r2vl48-nodejs-24.12.0",
              "default": true
            },
            {
              "name": "dev",
              "path": "/nix/store/kzia3rkaf9vwpn3py23q9v49jpjm6zx7-nodejs-24.12.0-dev"
            },
            {
              "name": "libv8",
              "path": "/nix/store/xszji81xj7ghjhz7jk0jkhb84nfwyd8f-nodejs-24.12.0-libv8"
            }
          ],
          "store_path": "/nix/store/cj1243xswxvnwgifyiyg8axhn0r2vl48-nodejs-24.12.0"
        },
        "x86_64-linux": {
          "outputs": [
            {
              "name": "out",
              "path": "/nix/store/9z1v3wyrxp6fpyzw21lcakd5w7aknzyc-nodejs-24.12.0",
              "default": true
            },
            {
              "name": "libv8",
              "path": "/nix/store/5yvx909wlis13qd2y1ahwl7ij21ma69a-nodejs-24.12.0-libv8"
            },
            {
              "name": "dev",
              "path": "/nix/store/7ll99p08gmpg0n048669p80zjibl5akr-nodejs-24.12.0-dev"
            }
          ],
          "store_path": "/nix/store/9z1v3wyrxp6fpyzw21lcakd5w7aknzyc-nodejs-24.12.0"
        }
      }
    },
    "poetry@latest": {
      "last_modified": "2026-01-23T17:20:52Z",
      "plugin_version": "0.0.4",
      "resolved": "github:NixOS/nixpkgs/a1bab9e494f5f4939442a57a58d0449a109593fe#poetry",
      "source": "devbox-search",
      "version": "2.2.1",
      "systems": {
        "aarch64-darwin": {
          "outputs": [
            {
              "name": "out",
              "path": "/nix/store/knz5cvzwssgb3lbb75grda11z9lh46bz-python3.13-poetry-2.2.1",
              "default": true
            },
            {
              "name": "dist",
              "path": "/nix/store/m4n3ahm45ssmcnhy2vb2vyy8vpm0qk6w-python3.13-poetry-2.2.1-dist"
            }
          ],
          "store_path": "/nix/store/knz5cvzwssgb3lbb75grda11z9lh46bz-python3.13-poetry-2.2.1"
        },
        "aarch64-linux": {
          "outputs": [
            {
              "name": "out",
              "path": "/nix/store/5v65z1q2fv927g67f7bkn0wmv9md5rg2-python3.13-poetry-2.2.1",
              "default": true
            },
            {
              "name": "dist",
              "path": "/nix/store/jry20z4bphji9apy7s77z5wqf78nb77l-python3.13-poetry-2.2.1-dist"
            }
          ],
          "store_path": "/nix/store/5v65z1q2fv927g67f7bkn0wmv9md5rg2-python3.13-poetry-2.2.1"
        },
        "x86_64-darwin": {
          "outputs": [
            {
              "name": "out",
              "path": "/nix/store/pxrcmbgwd1y4gw74ny8fszz7dxyxspkk-python3.13-poetry-2.2.1",
              "default": true
            },
            {
              "name": "dist",
              "path": "/nix/store/irnspn0cb9bdpnsp0hh47ci6fxddsxnr-python3.13-poetry-2.2.1-dist"
            }
          ],
          "store_path": "/nix/store/pxrcmbgwd1y4gw74ny8fszz7dxyxspkk-python3.13-poetry-2.2.1"
        },
        "x86_64-linux": {
          "outputs": [
            {
              "name": "out",
              "path": "/nix/store/5rrac6mvb32mmhxp5d3qjljankk9lhid-python3.13-poetry-2.2.1",
              "default": true
            },
            {
              "name": "dist",
              "path": "/nix/store/qihnygb57a638f40py4w7kpwzjxqjq4x-python3.13-poetry-2.2.1-dist"
            }
          ],
          "store_path": "/nix/store/5rrac6mvb32mmhxp5d3qjljankk9lhid-python3.13-poetry-2.2.1"
        }
      }
    },
    "python312@latest": {
      "last_modified": "2026-01-23T17:20:52Z",
      "plugin_version": "0.0.4",
      "resolved": "github:NixOS/nixpkgs/a1bab9e494f5f4939442a57a58d0449a109593fe#python312",
      "source": "devbox-search",
      "version": "3.12.12",
      "systems": {
        "aarch64-darwin": {
          "outputs": [
            {
              "name": "out",
              "path": "/nix/store/2j3gnwp0hsbvrirf23w1q344q7gbcy92-python3-3.12.12",
              "default": true
            }
          ],
          "store_path": "/nix/store/2j3gnwp0hsbvrirf23w1q344q7gbcy92-python3-3.12.12"
        },
        "aarch64-linux": {
          "outputs": [
            {
              "name": "out",
              "path": "/nix/store/h2jzxh50f3sa4k8p8wv4rrf51ci1srq1-python3-3.12.12",
              "default": true
            },
            {
              "name": "debug",
              "path": "/nix/store/8rckkaw2jgbwz8l8gvhi75fx5q2wh87b-python3-3.12.12-debug"
            }
          ],
          "store_path": "/nix/store/h2jzxh50f3sa4k8p8wv4rrf51ci1srq1-python3-3.12.12"
        },
        "x86_64-darwin": {
          "outputs": [
            {
              "name": "out",
              "path": "/nix/store/1f8k4x22cjz9nj2x7dki3xsgkih1j4rx-python3-3.12.12",
              "default": true
            }
          ],
          "store_path": "/nix/store/1f8k4x22cjz9nj2x7dki3xsgkih1j4rx-python3-3.12.12"
        },
        "x86_64-linux": {
          "outputs": [
            {
              "name": "out",
              "path": "/nix/store/by9gvhyjawm7g7gkkgpj28aas6fl8ws7-python3-3.12.12",
              "default": true
            },
            {
              "name": "debug",
              "path": "/nix/store/j79a6bw3yqj9jvfazf6zpapzq7dh83q5-python3-3.12.12-debug"
            }
          ],
          "store_path": "/nix/store/by9gvhyjawm7g7gkkgpj28aas6fl8ws7-python3-3.12.12"
        }
      }
    },
    "yq-go@latest": {
      "last_modified": "2026-01-23T17:20:52Z",
      "resolved": "github:NixOS/nixpkgs/a1bab9e494f5f4939442a57a58d0449a109593fe#yq-go",
      "source": "devbox-search",
      "version": "4.50.1",
      "systems": {
        "aarch64-darwin": {
          "outputs": [
            {
              "name": "out",
              "path": "/nix/store/97s2svj2zrsfmwgpdxqrq99n3n40plyd-yq-go-4.50.1",
              "default": true
            }
          ],
          "store_path": "/nix/store/97s2svj2zrsfmwgpdxqrq99n3n40plyd-yq-go-4.50.1"
        },
        "aarch64-linux": {
          "outputs": [
            {
              "name": "out",
              "path": "/nix/store/4vfppipshrf3b604p3nqy6xy34n7hm1r-yq-go-4.50.1",
              "default": true
            }
          ],
          "store_path": "/nix/store/4vfppipshrf3b604p3nqy6xy34n7hm1r-yq-go-4.50.1"
        },
        "x86_64-darwin": {
          "outputs": [
            {
              "name": "out",
              "path": "/nix/store/z3r8ynh5vwm66vf7i2czc164rwvch7cz-yq-go-4.50.1",
              "default": true
            }
          ],
          "store_path": "/nix/store/z3r8ynh5vwm66vf7i2czc164rwvch7cz-yq-go-4.50.1"
        },
        "x86_64-linux": {
          "outputs": [
            {
              "name": "out",
              "path": "/nix/store/vw048akg3chy15xk9anfiv4jkkq0g40x-yq-go-4.50.1",
              "default": true
            }
          ],
          "store_path": "/nix/store/vw048akg3chy15xk9anfiv4jkkq0g40x-yq-go-4.50.1"
        }
      }
    }
  }
}
