{
  "lockfile_version": "1",
  "packages": {
    "act@latest": {
      "last_modified": "2026-08-01T16:34:20Z",
      "resolved": "github:NixOS/nixpkgs/a5cbcfe954791221bfffe2307f7d1a1bf61a871e#act",
      "source": "devbox-search",
      "version": "0.2.89",
      "systems": {
        "aarch64-darwin": {
          "outputs": [
            {
              "name": "out",
              "path": "/nix/store/x8cv7981wmk6n7yyn0nrmk80khs2cn5m-act-0.2.89",
              "default": true
            }
          ],
          "store_path": "/nix/store/x8cv7981wmk6n7yyn0nrmk80khs2cn5m-act-0.2.89"
        },
        "aarch64-linux": {
          "outputs": [
            {
              "name": "out",
              "path": "/nix/store/z1pl6ybrdl8f8wh323zy9rh18bnh0lb2-act-0.2.89",
              "default": true
            }
          ],
          "store_path": "/nix/store/z1pl6ybrdl8f8wh323zy9rh18bnh0lb2-act-0.2.89"
        },
        "x86_64-darwin": {
          "outputs": [
            {
              "name": "out",
              "path": "/nix/store/8jl3zr56bwggpxwc4si162xd68kvcz9l-act-0.2.89",
              "default": true
            }
          ],
          "store_path": "/nix/store/8jl3zr56bwggpxwc4si162xd68kvcz9l-act-0.2.89"
        },
        "x86_64-linux": {
          "outputs": [
            {
              "name": "out",
              "path": "/nix/store/77xga5gn3g2b550h0kagp9vr0b8jmy5g-act-0.2.89",
              "default": true
            }
          ],
          "store_path": "/nix/store/77xga5gn3g2b550h0kagp9vr0b8jmy5g-act-0.2.89"
        }
      }
    },
    "civo@latest": {
      "last_modified": "2026-08-01T16:34:20Z",
      "resolved": "github:NixOS/nixpkgs/a5cbcfe954791221bfffe2307f7d1a1bf61a871e#civo",
      "source": "devbox-search",
      "version": "1.5.1",
      "systems": {
        "aarch64-darwin": {
          "outputs": [
            {
              "name": "out",
              "path": "/nix/store/qmsgg6s4jnl5kwf67m7zcrsvc3lw14ry-civo-1.5.1",
              "default": true
            }
          ],
          "store_path": "/nix/store/qmsgg6s4jnl5kwf67m7zcrsvc3lw14ry-civo-1.5.1"
        },
        "aarch64-linux": {
          "outputs": [
            {
              "name": "out",
              "path": "/nix/store/jb4rx8dvmdm9rl6z71iz81cr4rz3rhf8-civo-1.5.1",
              "default": true
            }
          ],
          "store_path": "/nix/store/jb4rx8dvmdm9rl6z71iz81cr4rz3rhf8-civo-1.5.1"
        },
        "x86_64-darwin": {
          "outputs": [
            {
              "name": "out",
              "path": "/nix/store/6sgm5fnfw6n85q8bfv7fbvcfzhk7hj8x-civo-1.5.1",
              "default": true
            }
          ],
          "store_path": "/nix/store/6sgm5fnfw6n85q8bfv7fbvcfzhk7hj8x-civo-1.5.1"
        },
        "x86_64-linux": {
          "outputs": [
            {
              "name": "out",
              "path": "/nix/store/wwhhjxxmn00xqi1mw8qirh49723in1vm-civo-1.5.1",
              "default": true
            }
          ],
          "store_path": "/nix/store/wwhhjxxmn00xqi1mw8qirh49723in1vm-civo-1.5.1"
        }
      }
    },
    "gh@latest": {
      "last_modified": "2026-08-01T16:34:20Z",
      "resolved": "github:NixOS/nixpkgs/a5cbcfe954791221bfffe2307f7d1a1bf61a871e#gh",
      "source": "devbox-search",
      "version": "2.97.0",
      "systems": {
        "aarch64-darwin": {
          "outputs": [
            {
              "name": "out",
              "path": "/nix/store/9q6i0m1x1wx24vknbs3iglvnr5aw1hxb-gh-2.97.0",
              "default": true
            }
          ],
          "store_path": "/nix/store/9q6i0m1x1wx24vknbs3iglvnr5aw1hxb-gh-2.97.0"
        },
        "aarch64-linux": {
          "outputs": [
            {
              "name": "out",
              "path": "/nix/store/8zf6nxnc574nlipbhq4z46ij22hqd9ac-gh-2.97.0",
              "default": true
            }
          ],
          "store_path": "/nix/store/8zf6nxnc574nlipbhq4z46ij22hqd9ac-gh-2.97.0"
        },
        "x86_64-linux": {
          "outputs": [
            {
              "name": "out",
              "path": "/nix/store/7ayrbzjnm88xn12lfv99c1sqprlc2bwr-gh-2.97.0",
              "default": true
            }
          ],
          "store_path": "/nix/store/7ayrbzjnm88xn12lfv99c1sqprlc2bwr-gh-2.97.0"
        }
      }
    },
    "github:NixOS/nixpkgs/nixpkgs-unstable": {
      "last_modified": "2026-08-06T00:10:29Z",
      "resolved": "github:NixOS/nixpkgs/70ce234312134a463ba7728e94da2486a1d237ac?lastModified=1785975029&narHash=sha256-X44cn5rzytELc3NNoQsh0aLkjWA%2FQzPfc6HPQmsG3sU%3D"
    },
    "gnused@latest": {
      "last_modified": "2026-08-01T16:34:20Z",
      "resolved": "github:NixOS/nixpkgs/a5cbcfe954791221bfffe2307f7d1a1bf61a871e#gnused",
      "source": "devbox-search",
      "version": "4.10",
      "systems": {
        "aarch64-darwin": {
          "outputs": [
            {
              "name": "out",
              "path": "/nix/store/mmll1s2asxgq82prfx296im2ab12vvil-gnused-4.10",
              "default": true
            },
            {
              "name": "info",
              "path": "/nix/store/x0pkx36iynbrypgpy9dkkky1kjiss9dn-gnused-4.10-info"
            }
          ],
          "store_path": "/nix/store/mmll1s2asxgq82prfx296im2ab12vvil-gnused-4.10"
        },
        "aarch64-linux": {
          "outputs": [
            {
              "name": "out",
              "path": "/nix/store/jnsbsffmr6zk1y8zic51z4r5ik989gdq-gnused-4.10",
              "default": true
            },
            {
              "name": "info",
              "path": "/nix/store/85537y94d761wamwrqlvzyibjv3c41hr-gnused-4.10-info"
            }
          ],
          "store_path": "/nix/store/jnsbsffmr6zk1y8zic51z4r5ik989gdq-gnused-4.10"
        },
        "x86_64-linux": {
          "outputs": [
            {
              "name": "out",
              "path": "/nix/store/7mfsmbhsd3arnypipwm251rcd0b45riy-gnused-4.10",
              "default": true
            },
            {
              "name": "info",
              "path": "/nix/store/x15qdrs4xkrv7yszk79j6kpx5vynk1gn-gnused-4.10-info"
            }
          ],
          "store_path": "/nix/store/7mfsmbhsd3arnypipwm251rcd0b45riy-gnused-4.10"
        }
      }
    },
    "go-task@latest": {
      "last_modified": "2026-08-01T16:34:20Z",
      "resolved": "github:NixOS/nixpkgs/a5cbcfe954791221bfffe2307f7d1a1bf61a871e#go-task",
      "source": "devbox-search",
      "version": "3.48.0",
      "systems": {
        "aarch64-darwin": {
          "outputs": [
            {
              "name": "out",
              "path": "/nix/store/wz6jrv59c01rqzaij5qri7ml7xw69jhh-go-task-3.48.0",
              "default": true
            }
          ],
          "store_path": "/nix/store/wz6jrv59c01rqzaij5qri7ml7xw69jhh-go-task-3.48.0"
        },
        "aarch64-linux": {
          "outputs": [
            {
              "name": "out",
              "path": "/nix/store/9sra1gbcfli5hy0as8wwp13c1gi5prw6-go-task-3.48.0",
              "default": true
            }
          ],
          "store_path": "/nix/store/9sra1gbcfli5hy0as8wwp13c1gi5prw6-go-task-3.48.0"
        },
        "x86_64-darwin": {
          "outputs": [
            {
              "name": "out",
              "path": "/nix/store/q7mxf9b9kcphb3lxrzn4mqazb9nrvlnz-go-task-3.48.0",
              "default": true
            }
          ],
          "store_path": "/nix/store/q7mxf9b9kcphb3lxrzn4mqazb9nrvlnz-go-task-3.48.0"
        },
        "x86_64-linux": {
          "outputs": [
            {
              "name": "out",
              "path": "/nix/store/72lkcbkm5ki6af8dwy95nxqyv4g4lw2b-go-task-3.48.0",
              "default": true
            }
          ],
          "store_path": "/nix/store/72lkcbkm5ki6af8dwy95nxqyv4g4lw2b-go-task-3.48.0"
        }
      }
    },
    "go@1.19": {
      "last_modified": "2024-01-27T14:55:31Z",
      "resolved": "github:NixOS/nixpkgs/160b762eda6d139ac10ae081f8f78d640dd523eb#go_1_19",
      "source": "devbox-search",
      "version": "1.19.13",
      "systems": {
        "aarch64-darwin": {
          "outputs": [
            {
              "name": "out",
              "path": "/nix/store/2llf3dn2m48q6cral32bd8mk1g5pa48d-go-1.19.13",
              "default": true
            }
          ],
          "store_path": "/nix/store/2llf3dn2m48q6cral32bd8mk1g5pa48d-go-1.19.13"
        },
        "aarch64-linux": {
          "outputs": [
            {
              "name": "out",
              "path": "/nix/store/5fysyzw0baj5kprrf94iz0p733c4b5w1-go-1.19.13",
              "default": true
            }
          ],
          "store_path": "/nix/store/5fysyzw0baj5kprrf94iz0p733c4b5w1-go-1.19.13"
        },
        "x86_64-darwin": {
          "outputs": [
            {
              "name": "out",
              "path": "/nix/store/4zq38z7s23nn9pyibb4qkyb90bna9prr-go-1.19.13",
              "default": true
            }
          ],
          "store_path": "/nix/store/4zq38z7s23nn9pyibb4qkyb90bna9prr-go-1.19.13"
        },
        "x86_64-linux": {
          "outputs": [
            {
              "name": "out",
              "path": "/nix/store/ra7zh0hq3gzw7pdmb3ixvr5zd6h8qc9h-go-1.19.13",
              "default": true
            }
          ],
          "store_path": "/nix/store/ra7zh0hq3gzw7pdmb3ixvr5zd6h8qc9h-go-1.19.13"
        }
      }
    },
    "gum@latest": {
      "last_modified": "2026-08-01T16:34:20Z",
      "resolved": "github:NixOS/nixpkgs/a5cbcfe954791221bfffe2307f7d1a1bf61a871e#gum",
      "source": "devbox-search",
      "version": "0.17.0",
      "systems": {
        "aarch64-darwin": {
          "outputs": [
            {
              "name": "out",
              "path": "/nix/store/hzl05lvbcfa8g936qwx356dp9a0qs4xr-gum-0.17.0",
              "default": true
            }
          ],
          "store_path": "/nix/store/hzl05lvbcfa8g936qwx356dp9a0qs4xr-gum-0.17.0"
        },
        "aarch64-linux": {
          "outputs": [
            {
              "name": "out",
              "path": "/nix/store/jz1z0g2q1vd3fk2q729c90jg1akjn8gz-gum-0.17.0",
              "default": true
            }
          ],
          "store_path": "/nix/store/jz1z0g2q1vd3fk2q729c90jg1akjn8gz-gum-0.17.0"
        },
        "x86_64-darwin": {
          "outputs": [
            {
              "name": "out",
              "path": "/nix/store/m2wks8knnsfgjl0ikhbi0vv7bqn53385-gum-0.17.0",
              "default": true
            }
          ],
          "store_path": "/nix/store/m2wks8knnsfgjl0ikhbi0vv7bqn53385-gum-0.17.0"
        },
        "x86_64-linux": {
          "outputs": [
            {
              "name": "out",
              "path": "/nix/store/gbylyxgkksvzijjsamymlfifn27131jq-gum-0.17.0",
              "default": true
            }
          ],
          "store_path": "/nix/store/gbylyxgkksvzijjsamymlfifn27131jq-gum-0.17.0"
        }
      }
    },
    "jq@latest": {
      "last_modified": "2026-08-03T09:05:39Z",
      "resolved": "github:NixOS/nixpkgs/104240a772428cc2e20d8fd86c9ddbb886bbaff2#jq",
      "source": "devbox-search",
      "version": "1.8.2",
      "systems": {
        "aarch64-darwin": {
          "outputs": [
            {
              "name": "bin",
              "path": "/nix/store/si622aj9znsy96kdwsrg54dxzp9m35qw-jq-1.8.2-bin",
              "default": true
            },
            {
              "name": "man",
              "path": "/nix/store/jp2c61il2ycagni1j5c1jrglnypvbf5k-jq-1.8.2-man",
              "default": true
            },
            {
              "name": "dev",
              "path": "/nix/store/zcvl9cnw5a44f74gw8aa8fh8cfynjc76-jq-1.8.2-dev"
            },
            {
              "name": "doc",
              "path": "/nix/store/4s66blj2afdqbzaq8ilw30v7kpjb6ypw-jq-1.8.2-doc"
            },
            {
              "name": "out",
              "path": "/nix/store/z28yr7h99fi3mch4dh3bc50bjk6malsl-jq-1.8.2"
            }
          ],
          "store_path": "/nix/store/si622aj9znsy96kdwsrg54dxzp9m35qw-jq-1.8.2-bin"
        },
        "aarch64-linux": {
          "outputs": [
            {
              "name": "bin",
              "path": "/nix/store/rjaclwgima9ssysv7v0h2hq46g8sikd4-jq-1.8.2-bin",
              "default": true
            },
            {
              "name": "man",
              "path": "/nix/store/1w15pijismpwnainv71a6pdnsypjnqg7-jq-1.8.2-man",
              "default": true
            },
            {
              "name": "dev",
              "path": "/nix/store/yy0mx8yjmzkk154mmp1vx4b0kz0ndw6y-jq-1.8.2-dev"
            },
            {
              "name": "doc",
              "path": "/nix/store/yqx0xva9dq6rnvxgwcadrmni1l8ympa1-jq-1.8.2-doc"
            },
            {
              "name": "out",
              "path": "/nix/store/0x995g1z807ynhzsh2f6yj0jsw6pr50f-jq-1.8.2"
            }
          ],
          "store_path": "/nix/store/rjaclwgima9ssysv7v0h2hq46g8sikd4-jq-1.8.2-bin"
        },
        "x86_64-linux": {
          "outputs": [
            {
              "name": "bin",
              "path": "/nix/store/4b6f9wb1qak318gk7mxlfkhril6lxpcx-jq-1.8.2-bin",
              "default": true
            },
            {
              "name": "man",
              "path": "/nix/store/4zwaa20khsi2drbg16i5z3wxbjf88mm6-jq-1.8.2-man",
              "default": true
            },
            {
              "name": "doc",
              "path": "/nix/store/dp4rs4vpwp44c7vvgskj1hly0d6xqf2m-jq-1.8.2-doc"
            },
            {
              "name": "out",
              "path": "/nix/store/z438hrlp3j75bpmq87ymzabb8vrda8ps-jq-1.8.2"
            },
            {
              "name": "dev",
              "path": "/nix/store/sp8a7n50g32lzzsc7dz09ry2vc9bh4y0-jq-1.8.2-dev"
            }
          ],
          "store_path": "/nix/store/4b6f9wb1qak318gk7mxlfkhril6lxpcx-jq-1.8.2-bin"
        }
      }
    },
    "kluctl@latest": {
      "last_modified": "2026-08-01T16:34:20Z",
      "resolved": "github:NixOS/nixpkgs/a5cbcfe954791221bfffe2307f7d1a1bf61a871e#kluctl",
      "source": "devbox-search",
      "version": "2.28.2",
      "systems": {
        "aarch64-darwin": {
          "outputs": [
            {
              "name": "out",
              "path": "/nix/store/0kjldaydqwmpfygw3s2jrmi92wsg8mh9-kluctl-2.28.2",
              "default": true
            }
          ],
          "store_path": "/nix/store/0kjldaydqwmpfygw3s2jrmi92wsg8mh9-kluctl-2.28.2"
        },
        "aarch64-linux": {
          "outputs": [
            {
              "name": "out",
              "path": "/nix/store/rq3pjihl0vlxsvm2arkw4p0yqrzn3gvn-kluctl-2.28.2",
              "default": true
            }
          ],
          "store_path": "/nix/store/rq3pjihl0vlxsvm2arkw4p0yqrzn3gvn-kluctl-2.28.2"
        },
        "x86_64-darwin": {
          "outputs": [
            {
              "name": "out",
              "path": "/nix/store/fbgxr0sq491rvpmkz33v4li3qy19xa1h-kluctl-2.28.2",
              "default": true
            }
          ],
          "store_path": "/nix/store/fbgxr0sq491rvpmkz33v4li3qy19xa1h-kluctl-2.28.2"
        },
        "x86_64-linux": {
          "outputs": [
            {
              "name": "out",
              "path": "/nix/store/0ah3rmi3kr2ak79z2870nbgqcgi3cmx6-kluctl-2.28.2",
              "default": true
            }
          ],
          "store_path": "/nix/store/0ah3rmi3kr2ak79z2870nbgqcgi3cmx6-kluctl-2.28.2"
        }
      }
    },
    "ko@latest": {
      "last_modified": "2026-08-01T16:34:20Z",
      "resolved": "github:NixOS/nixpkgs/a5cbcfe954791221bfffe2307f7d1a1bf61a871e#ko",
      "source": "devbox-search",
      "version": "0.19.1",
      "systems": {
        "aarch64-darwin": {
          "outputs": [
            {
              "name": "out",
              "path": "/nix/store/brjy90fgwdmlywxbwygw5pwksiz1a4w7-ko-0.19.1",
              "default": true
            }
          ],
          "store_path": "/nix/store/brjy90fgwdmlywxbwygw5pwksiz1a4w7-ko-0.19.1"
        },
        "aarch64-linux": {
          "outputs": [
            {
              "name": "out",
              "path": "/nix/store/78x6qad067gl0ash831fxp25qm6kwr4b-ko-0.19.1",
              "default": true
            }
          ],
          "store_path": "/nix/store/78x6qad067gl0ash831fxp25qm6kwr4b-ko-0.19.1"
        },
        "x86_64-darwin": {
          "outputs": [
            {
              "name": "out",
              "path": "/nix/store/1f5j1chicqia1cz9ycgjbd25pbmc61as-ko-0.19.1",
              "default": true
            }
          ],
          "store_path": "/nix/store/1f5j1chicqia1cz9ycgjbd25pbmc61as-ko-0.19.1"
        },
        "x86_64-linux": {
          "outputs": [
            {
              "name": "out",
              "path": "/nix/store/5ixdxmrw2sqymy61q4fpr93wqx91cnbs-ko-0.19.1",
              "default": true
            }
          ],
          "store_path": "/nix/store/5ixdxmrw2sqymy61q4fpr93wqx91cnbs-ko-0.19.1"
        }
      }
    },
    "kubectl@latest": {
      "last_modified": "2026-08-01T16:34:20Z",
      "resolved": "github:NixOS/nixpkgs/a5cbcfe954791221bfffe2307f7d1a1bf61a871e#kubectl",
      "source": "devbox-search",
      "version": "1.36.3",
      "systems": {
        "aarch64-darwin": {
          "outputs": [
            {
              "name": "out",
              "path": "/nix/store/3qb9nx5p60da5mxgpqykdgmr5yy63b25-kubectl-1.36.3",
              "default": true
            },
            {
              "name": "man",
              "path": "/nix/store/d5nh9pwixcm9672rhqwy655k9i2a26lp-kubectl-1.36.3-man",
              "default": true
            },
            {
              "name": "convert",
              "path": "/nix/store/yzb59f5y4qhra438w2lma11svrl58j9w-kubectl-1.36.3-convert"
            }
          ],
          "store_path": "/nix/store/3qb9nx5p60da5mxgpqykdgmr5yy63b25-kubectl-1.36.3"
        },
        "aarch64-linux": {
          "outputs": [
            {
              "name": "out",
              "path": "/nix/store/hrvl2jwvk4n983cm0pznqqq1wngkz5wi-kubectl-1.36.3",
              "default": true
            },
            {
              "name": "man",
              "path": "/nix/store/c2pj3axay86cxhmi9fmxd5g0rm7cpxb9-kubectl-1.36.3-man",
              "default": true
            },
            {
              "name": "convert",
              "path": "/nix/store/mj3q2rip56ykf0amhi5qldmpzmcwhl7s-kubectl-1.36.3-convert"
            }
          ],
          "store_path": "/nix/store/hrvl2jwvk4n983cm0pznqqq1wngkz5wi-kubectl-1.36.3"
        },
        "x86_64-linux": {
          "outputs": [
            {
              "name": "out",
              "path": "/nix/store/gr13vsi0xrrw3y6fpyrk2kgmkidpqrm9-kubectl-1.36.3",
              "default": true
            },
            {
              "name": "man",
              "path": "/nix/store/1yn762n6qnzpbrvmrz4qh1fd3gphg78z-kubectl-1.36.3-man",
              "default": true
            },
            {
              "name": "convert",
              "path": "/nix/store/xm69shzq95d044c87296rjfsq6a9fi3d-kubectl-1.36.3-convert"
            }
          ],
          "store_path": "/nix/store/gr13vsi0xrrw3y6fpyrk2kgmkidpqrm9-kubectl-1.36.3"
        }
      }
    },
    "kubectx@latest": {
      "last_modified": "2026-08-01T16:34:20Z",
      "resolved": "github:NixOS/nixpkgs/a5cbcfe954791221bfffe2307f7d1a1bf61a871e#kubectx",
      "source": "devbox-search",
      "version": "0.11.0",
      "systems": {
        "aarch64-darwin": {
          "outputs": [
            {
              "name": "out",
              "path": "/nix/store/637g4yjcv10sn65hp7gwpv57h9fcwlhi-kubectx-0.11.0",
              "default": true
            }
          ],
          "store_path": "/nix/store/637g4yjcv10sn65hp7gwpv57h9fcwlhi-kubectx-0.11.0"
        },
        "aarch64-linux": {
          "outputs": [
            {
              "name": "out",
              "path": "/nix/store/2yw8hsqy2icghrlhn2zkiw47x57276ns-kubectx-0.11.0",
              "default": true
            }
          ],
          "store_path": "/nix/store/2yw8hsqy2icghrlhn2zkiw47x57276ns-kubectx-0.11.0"
        },
        "x86_64-darwin": {
          "outputs": [
            {
              "name": "out",
              "path": "/nix/store/irkyq7h6ms0d55knfpxidvnzn4c48cli-kubectx-0.11.0",
              "default": true
            }
          ],
          "store_path": "/nix/store/irkyq7h6ms0d55knfpxidvnzn4c48cli-kubectx-0.11.0"
        },
        "x86_64-linux": {
          "outputs": [
            {
              "name": "out",
              "path": "/nix/store/15b84pdcsmzwlfjczw5mqxjp7ypyziz9-kubectx-0.11.0",
              "default": true
            }
          ],
          "store_path": "/nix/store/15b84pdcsmzwlfjczw5mqxjp7ypyziz9-kubectx-0.11.0"
        }
      }
    },
    "kubernetes-helm@latest": {
      "last_modified": "2026-08-01T16:34:20Z",
      "resolved": "github:NixOS/nixpkgs/a5cbcfe954791221bfffe2307f7d1a1bf61a871e#kubernetes-helm",
      "source": "devbox-search",
      "version": "4.2.3",
      "systems": {
        "aarch64-darwin": {
          "outputs": [
            {
              "name": "out",
              "path": "/nix/store/zxlrdn6fsss4s2i496np7kdrwy92261j-kubernetes-helm-4.2.3",
              "default": true
            }
          ],
          "store_path": "/nix/store/zxlrdn6fsss4s2i496np7kdrwy92261j-kubernetes-helm-4.2.3"
        },
        "aarch64-linux": {
          "outputs": [
            {
              "name": "out",
              "path": "/nix/store/3m7a0rmsr6k5hs0xl2ym6kiv4iqgwypj-kubernetes-helm-4.2.3",
              "default": true
            }
          ],
          "store_path": "/nix/store/3m7a0rmsr6k5hs0xl2ym6kiv4iqgwypj-kubernetes-helm-4.2.3"
        },
        "x86_64-linux": {
          "outputs": [
            {
              "name": "out",
              "path": "/nix/store/wkb6xckn077grj4jqb6z6wgmwzj7g1xr-kubernetes-helm-4.2.3",
              "default": true
            }
          ],
          "store_path": "/nix/store/wkb6xckn077grj4jqb6z6wgmwzj7g1xr-kubernetes-helm-4.2.3"
        }
      }
    },
    "kustomize@latest": {
      "last_modified": "2026-08-01T16:34:20Z",
      "resolved": "github:NixOS/nixpkgs/a5cbcfe954791221bfffe2307f7d1a1bf61a871e#kustomize",
      "source": "devbox-search",
      "version": "5.8.1",
      "systems": {
        "aarch64-darwin": {
          "outputs": [
            {
              "name": "out",
              "path": "/nix/store/h9ai2fzpjixbx5w8pix8v40xkfqbsmhq-kustomize-5.8.1",
              "default": true
            }
          ],
          "store_path": "/nix/store/h9ai2fzpjixbx5w8pix8v40xkfqbsmhq-kustomize-5.8.1"
        },
        "aarch64-linux": {
          "outputs": [
            {
              "name": "out",
              "path": "/nix/store/zdx1hdyx89dm9hdwr6i7f6w4mas7bpqs-kustomize-5.8.1",
              "default": true
            }
          ],
          "store_path": "/nix/store/zdx1hdyx89dm9hdwr6i7f6w4mas7bpqs-kustomize-5.8.1"
        },
        "x86_64-darwin": {
          "outputs": [
            {
              "name": "out",
              "path": "/nix/store/7hx9cv1yxfd01k33aaxay05a8pzm3gja-kustomize-5.8.1",
              "default": true
            }
          ],
          "store_path": "/nix/store/7hx9cv1yxfd01k33aaxay05a8pzm3gja-kustomize-5.8.1"
        },
        "x86_64-linux": {
          "outputs": [
            {
              "name": "out",
              "path": "/nix/store/7grcjcqkxl06ddn537l36g4947hzr7xp-kustomize-5.8.1",
              "default": true
            }
          ],
          "store_path": "/nix/store/7grcjcqkxl06ddn537l36g4947hzr7xp-kustomize-5.8.1"
        }
      }
    },
    "namespace-cli@latest": {
      "last_modified": "2026-08-01T16:34:20Z",
      "resolved": "github:NixOS/nixpkgs/a5cbcfe954791221bfffe2307f7d1a1bf61a871e#namespace-cli",
      "source": "devbox-search",
      "version": "0.0.550",
      "systems": {
        "aarch64-darwin": {
          "outputs": [
            {
              "name": "out",
              "path": "/nix/store/i05186a9p4r349nbjnc7n91hvfknn9fg-namespace-cli-0.0.550",
              "default": true
            }
          ],
          "store_path": "/nix/store/i05186a9p4r349nbjnc7n91hvfknn9fg-namespace-cli-0.0.550"
        },
        "aarch64-linux": {
          "outputs": [
            {
              "name": "out",
              "path": "/nix/store/l46j4nryxbaf9iv8jk8h19d722ynp1kw-namespace-cli-0.0.550",
              "default": true
            }
          ],
          "store_path": "/nix/store/l46j4nryxbaf9iv8jk8h19d722ynp1kw-namespace-cli-0.0.550"
        },
        "x86_64-linux": {
          "outputs": [
            {
              "name": "out",
              "path": "/nix/store/6f57nygpagi9z3kb6rh77xgalha3nli9-namespace-cli-0.0.550",
              "default": true
            }
          ],
          "store_path": "/nix/store/6f57nygpagi9z3kb6rh77xgalha3nli9-namespace-cli-0.0.550"
        }
      }
    },
    "nodejs_24@latest": {
      "last_modified": "2025-12-29T16:45:58Z",
      "plugin_version": "0.0.4",
      "resolved": "github:NixOS/nixpkgs/346dd96ad74dc4457a9db9de4f4f57dab2e5731d#nodejs_24",
      "source": "devbox-search",
      "version": "24.12.0",
      "systems": {
        "aarch64-darwin": {
          "outputs": [
            {
              "name": "out",
              "path": "/nix/store/b1h0af3yb3z9jz048phclcqw6ihiww67-nodejs-24.12.0",
              "default": true
            },
            {
              "name": "dev",
              "path": "/nix/store/ksn4nj0nbp0ikmh4scy9x4biqqdswwhy-nodejs-24.12.0-dev"
            },
            {
              "name": "libv8",
              "path": "/nix/store/3x72bm7l30ib7l7cximrp0sklcq8jqwy-nodejs-24.12.0-libv8"
            }
          ],
          "store_path": "/nix/store/b1h0af3yb3z9jz048phclcqw6ihiww67-nodejs-24.12.0"
        },
        "aarch64-linux": {
          "outputs": [
            {
              "name": "out",
              "path": "/nix/store/9jfsyhcr9c6rpm94lrkibv75jkggvwss-nodejs-24.12.0",
              "default": true
            },
            {
              "name": "dev",
              "path": "/nix/store/7izhv9x1yvsmyrhmmyps6bxjjclajm80-nodejs-24.12.0-dev"
            },
            {
              "name": "libv8",
              "path": "/nix/store/8hl74pnc1qyz68rg10ixw7fz32hcxqkk-nodejs-24.12.0-libv8"
            }
          ],
          "store_path": "/nix/store/9jfsyhcr9c6rpm94lrkibv75jkggvwss-nodejs-24.12.0"
        },
        "x86_64-darwin": {
          "outputs": [
            {
              "name": "out",
              "path": "/nix/store/cj1243xswxvnwgifyiyg8axhn0r2vl48-nodejs-24.12.0",
              "default": true
            },
            {
              "name": "dev",
              "path": "/nix/store/kzia3rkaf9vwpn3py23q9v49jpjm6zx7-nodejs-24.12.0-dev"
            },
            {
              "name": "libv8",
              "path": "/nix/store/xszji81xj7ghjhz7jk0jkhb84nfwyd8f-nodejs-24.12.0-libv8"
            }
          ],
          "store_path": "/nix/store/cj1243xswxvnwgifyiyg8axhn0r2vl48-nodejs-24.12.0"
        },
        "x86_64-linux": {
          "outputs": [
            {
              "name": "out",
              "path": "/nix/store/9z1v3wyrxp6fpyzw21lcakd5w7aknzyc-nodejs-24.12.0",
              "default": true
            },
            {
              "name": "libv8",
              "path": "/nix/store/5yvx909wlis13qd2y1ahwl7ij21ma69a-nodejs-24.12.0-libv8"
            },
            {
              "name": "dev",
              "path": "/nix/store/7ll99p08gmpg0n048669p80zjibl5akr-nodejs-24.12.0-dev"
            }
          ],
          "store_path": "/nix/store/9z1v3wyrxp6fpyzw21lcakd5w7aknzyc-nodejs-24.12.0"
        }
      }
    },
    "poetry@latest": {
      "last_modified": "2026-08-01T16:34:20Z",
      "plugin_version": "0.0.5",
      "resolved": "github:NixOS/nixpkgs/a5cbcfe954791221bfffe2307f7d1a1bf61a871e#poetry",
      "source": "devbox-search",
      "version": "2.4.1",
      "systems": {
        "aarch64-darwin": {
          "outputs": [
            {
              "name": "out",
              "path": "/nix/store/y37amvr80k4h8m80mw7jm65493vjj8d5-python3.14-poetry-2.4.1",
              "default": true
            },
            {
              "name": "dist",
              "path": "/nix/store/98wmhl61crhvflg1pn4j2nczwd3ffb5b-python3.14-poetry-2.4.1-dist"
            }
          ],
          "store_path": "/nix/store/y37amvr80k4h8m80mw7jm65493vjj8d5-python3.14-poetry-2.4.1"
        },
        "aarch64-linux": {
          "outputs": [
            {
              "name": "out",
              "path": "/nix/store/ji9ab23w24a2m046szw7x7cxjnp83d80-python3.14-poetry-2.4.1",
              "default": true
            },
            {
              "name": "dist",
              "path": "/nix/store/c8735jha57jx3sixha5kqc4glzad8kns-python3.14-poetry-2.4.1-dist"
            }
          ],
          "store_path": "/nix/store/ji9ab23w24a2m046szw7x7cxjnp83d80-python3.14-poetry-2.4.1"
        },
        "x86_64-darwin": {
          "outputs": [
            {
              "name": "out",
              "path": "/nix/store/cv01rm0vcnfpkyigi9s0a2m0yaa1f90z-python3.13-poetry-2.4.1",
              "default": true
            },
            {
              "name": "dist",
              "path": "/nix/store/3nqa65gmb6f6pwjyxdwf1nwqqc1bm33x-python3.13-poetry-2.4.1-dist"
            }
          ],
          "store_path": "/nix/store/cv01rm0vcnfpkyigi9s0a2m0yaa1f90z-python3.13-poetry-2.4.1"
        },
        "x86_64-linux": {
          "outputs": [
            {
              "name": "out",
              "path": "/nix/store/n0knzznk0jyaslfpra7xsn67v4zp0cl9-python3.14-poetry-2.4.1",
              "default": true
            },
            {
              "name": "dist",
              "path": "/nix/store/q3cssznn82r91s1lxc0bh5a4wvi6d62s-python3.14-poetry-2.4.1-dist"
            }
          ],
          "store_path": "/nix/store/n0knzznk0jyaslfpra7xsn67v4zp0cl9-python3.14-poetry-2.4.1"
        }
      }
    },
    "python312@latest": {
      "last_modified": "2026-08-01T16:34:20Z",
      "plugin_version": "0.0.5",
      "resolved": "github:NixOS/nixpkgs/a5cbcfe954791221bfffe2307f7d1a1bf61a871e#python312",
      "source": "devbox-search",
      "version": "3.12.13",
      "systems": {
        "aarch64-darwin": {
          "outputs": [
            {
              "name": "out",
              "path": "/nix/store/zqqyh50h5ci4yqa3wfjxxk1wc3n5v526-python3-3.12.13",
              "default": true
            }
          ],
          "store_path": "/nix/store/zqqyh50h5ci4yqa3wfjxxk1wc3n5v526-python3-3.12.13"
        },
        "aarch64-linux": {
          "outputs": [
            {
              "name": "out",
              "path": "/nix/store/0fvick5jp1i2v98lk5r7zix15mrdl1vk-python3-3.12.13",
              "default": true
            },
            {
              "name": "debug",
              "path": "/nix/store/mr9yam6djs7g22zjxlydrb8lfpp28wn7-python3-3.12.13-debug"
            }
          ],
          "store_path": "/nix/store/0fvick5jp1i2v98lk5r7zix15mrdl1vk-python3-3.12.13"
        },
        "x86_64-darwin": {
          "outputs": [
            {
              "name": "out",
              "path": "/nix/store/afd3xzw8afbbr1dsqjvb6xg2a5gah4vg-python3-3.12.13",
              "default": true
            }
          ],
          "store_path": "/nix/store/afd3xzw8afbbr1dsqjvb6xg2a5gah4vg-python3-3.12.13"
        },
        "x86_64-linux": {
          "outputs": [
            {
              "name": "out",
              "path": "/nix/store/27v7vpgbvn915ixsvmj94pvnygczqxsi-python3-3.12.13",
              "default": true
            },
            {
              "name": "debug",
              "path": "/nix/store/bqnfy3w2isz3q2gyyff4r2rrcvb1l1rg-python3-3.12.13-debug"
            }
          ],
          "store_path": "/nix/store/27v7vpgbvn915ixsvmj94pvnygczqxsi-python3-3.12.13"
        }
      }
    },
    "yq-go@latest": {
      "last_modified": "2026-08-01T16:34:20Z",
      "resolved": "github:NixOS/nixpkgs/a5cbcfe954791221bfffe2307f7d1a1bf61a871e#yq-go",
      "source": "devbox-search",
      "version": "4.53.3",
      "systems": {
        "aarch64-darwin": {
          "outputs": [
            {
              "name": "out",
              "path": "/nix/store/ka1kvl4b0zhcz16kb6amn86qjjqglw3z-yq-go-4.53.3",
              "default": true
            }
          ],
          "store_path": "/nix/store/ka1kvl4b0zhcz16kb6amn86qjjqglw3z-yq-go-4.53.3"
        },
        "aarch64-linux": {
          "outputs": [
            {
              "name": "out",
              "path": "/nix/store/f3mpc2r89qqvqz9sya611fr5lf4qawb5-yq-go-4.53.3",
              "default": true
            }
          ],
          "store_path": "/nix/store/f3mpc2r89qqvqz9sya611fr5lf4qawb5-yq-go-4.53.3"
        },
        "x86_64-darwin": {
          "outputs": [
            {
              "name": "out",
              "path": "/nix/store/agf9fyr053m3092vsmh6vih3apz0kw05-yq-go-4.53.3",
              "default": true
            }
          ],
          "store_path": "/nix/store/agf9fyr053m3092vsmh6vih3apz0kw05-yq-go-4.53.3"
        },
        "x86_64-linux": {
          "outputs": [
            {
              "name": "out",
              "path": "/nix/store/pyy2agrvaazs49lkpn75dibpvz45pwkm-yq-go-4.53.3",
              "default": true
            }
          ],
          "store_path": "/nix/store/pyy2agrvaazs49lkpn75dibpvz45pwkm-yq-go-4.53.3"
        }
      }
    }
  }
}
